
Microsoft Visual Studio Solution File, Format Version 11.00
# Visual Studio 2010
# SharpDevelop 4.3
Project("{FD48973F-F585-4F70-812B-4D0503B36CE9}") = "ThinkStats", "ThinkStats.pyproj", "{3F553935-DB7F-4282-8A1B-CABD3FD1A541}"
EndProject
Global
	GlobalSection(SolutionConfigurationPlatforms) = preSolution
		Debug|Any CPU = Debug|Any CPU
		Release|Any CPU = Release|Any CPU
	EndGlobalSection
	GlobalSection(ProjectConfigurationPlatforms) = postSolution
		{3F553935-DB7F-4282-8A1B-CABD3FD1A541}.Debug|Any CPU.Build.0 = Debug|Any CPU
		{3F553935-DB7F-4282-8A1B-CABD3FD1A541}.Debug|Any CPU.ActiveCfg = Debug|Any CPU
		{3F553935-DB7F-4282-8A1B-CABD3FD1A541}.Release|Any CPU.Build.0 = Release|Any CPU
		{3F553935-DB7F-4282-8A1B-CABD3FD1A541}.Release|Any CPU.ActiveCfg = Release|Any CPU
	EndGlobalSection
EndGlobal
